
Microsoft Visual Studio Solution File, Format Version 12.00
Project("{FAE04EC0-301F-11D3-BF4B-00C04F79EFBC}") = "LFSGeneExpandedEyes", "LFSGeneExpandedEyes\LFSGeneExpandedEyes.csproj", "{A79AE881-3727-4556-B0C8-B9A50C9B6061}"
EndProject
Global
	GlobalSection(SolutionConfigurationPlatforms) = preSolution
		Debug|Any CPU = Debug|Any CPU
		Release|Any CPU = Release|Any CPU
	EndGlobalSection
	GlobalSection(ProjectConfigurationPlatforms) = postSolution
		{A79AE881-3727-4556-B0C8-B9A50C9B6061}.Debug|Any CPU.ActiveCfg = Debug|Any CPU
		{A79AE881-3727-4556-B0C8-B9A50C9B6061}.Debug|Any CPU.Build.0 = Debug|Any CPU
		{A79AE881-3727-4556-B0C8-B9A50C9B6061}.Release|Any CPU.ActiveCfg = Release|Any CPU
		{A79AE881-3727-4556-B0C8-B9A50C9B6061}.Release|Any CPU.Build.0 = Release|Any CPU
	EndGlobalSection
EndGlobal
